
Microsoft Visual Studio Solution File, Format Version 10.00
# Visual Studio 2008
Project("{FAE04EC0-301F-11D3-BF4B-00C04F79EFBC}") = "KSWB", "KSWB.csproj", "{37EFE7C8-D854-4335-8622-AB8E6007A0EE}"
EndProject
Global
	GlobalSection(SolutionConfigurationPlatforms) = preSolution
		Debug|Any CPU = Debug|Any CPU
		Release|Any CPU = Release|Any CPU
	EndGlobalSection
	GlobalSection(ProjectConfigurationPlatforms) = postSolution
		{37EFE7C8-D854-4335-8622-AB8E6007A0EE}.Debug|Any CPU.ActiveCfg = Debug|Any CPU
		{37EFE7C8-D854-4335-8622-AB8E6007A0EE}.Debug|Any CPU.Build.0 = Debug|Any CPU
		{37EFE7C8-D854-4335-8622-AB8E6007A0EE}.Release|Any CPU.ActiveCfg = Release|Any CPU
		{37EFE7C8-D854-4335-8622-AB8E6007A0EE}.Release|Any CPU.Build.0 = Release|Any CPU
	EndGlobalSection
	GlobalSection(SolutionProperties) = preSolution
		HideSolutionNode = FALSE
	EndGlobalSection
EndGlobal
